
Microsoft Visual Studio Solution File, Format Version 12.00
# Visual Studio 15
VisualStudioVersion = 15.0.28307.421
MinimumVisualStudioVersion = 10.0.40219.1
Project("{FAE04EC0-301F-11D3-BF4B-00C04F79EFBC}") = "SixGroup", "SixGroup\SixGroup.csproj", "{DA671E20-BB56-4E26-A171-8AFB468BC438}"
EndProject
Global
	GlobalSection(SolutionConfigurationPlatforms) = preSolution
		Debug|Any CPU = Debug|Any CPU
		Release|Any CPU = Release|Any CPU
	EndGlobalSection
	GlobalSection(ProjectConfigurationPlatforms) = postSolution
		{DA671E20-BB56-4E26-A171-8AFB468BC438}.Debug|Any CPU.ActiveCfg = Debug|Any CPU
		{DA671E20-BB56-4E26-A171-8AFB468BC438}.Debug|Any CPU.Build.0 = Debug|Any CPU
		{DA671E20-BB56-4E26-A171-8AFB468BC438}.Release|Any CPU.ActiveCfg = Release|Any CPU
		{DA671E20-BB56-4E26-A171-8AFB468BC438}.Release|Any CPU.Build.0 = Release|Any CPU
	EndGlobalSection
	GlobalSection(SolutionProperties) = preSolution
		HideSolutionNode = FALSE
	EndGlobalSection
	GlobalSection(ExtensibilityGlobals) = postSolution
		SolutionGuid = {500442AF-C44A-41EC-B975-ED09D9224C08}
	EndGlobalSection
EndGlobal
